Microsoft Visual Studio Solution File, Format Version 12.00
# Visual Studio 2012
Project("{FAE04EC0-301F-11D3-BF4B-00C04F79EFBC}") = "slasher", "slasher.csproj", "{D622A74D-09C9-41D7-9278-C86D32B1C461}"
EndProject
Global
	GlobalSection(SolutionConfigurationPlatforms) = preSolution
	Debug|Any CPU = Debug|Any CPU
	ExportDebug|Any CPU = ExportDebug|Any CPU
	ExportRelease|Any CPU = ExportRelease|Any CPU
	EndGlobalSection
	GlobalSection(ProjectConfigurationPlatforms) = postSolution
		{D622A74D-09C9-41D7-9278-C86D32B1C461}.Debug|Any CPU.ActiveCfg = Debug|Any CPU
		{D622A74D-09C9-41D7-9278-C86D32B1C461}.Debug|Any CPU.Build.0 = Debug|Any CPU
		{D622A74D-09C9-41D7-9278-C86D32B1C461}.ExportDebug|Any CPU.ActiveCfg = ExportDebug|Any CPU
		{D622A74D-09C9-41D7-9278-C86D32B1C461}.ExportDebug|Any CPU.Build.0 = ExportDebug|Any CPU
		{D622A74D-09C9-41D7-9278-C86D32B1C461}.ExportRelease|Any CPU.ActiveCfg = ExportRelease|Any CPU
		{D622A74D-09C9-41D7-9278-C86D32B1C461}.ExportRelease|Any CPU.Build.0 = ExportRelease|Any CPU
	EndGlobalSection
EndGlobal
